
Microsoft Visual Studio Solution File, Format Version 12.00
# Visual Studio Version 16
VisualStudioVersion = 16.0.29201.188
MinimumVisualStudioVersion = 10.0.40219.1
Project("{FAE04EC0-301F-11D3-BF4B-00C04F79EFBC}") = "AddressManager", "AddressManager\AddressManager.csproj", "{D2CA5107-A296-4BEB-B692-F4695C061C7B}"
EndProject
Global
	GlobalSection(SolutionConfigurationPlatforms) = preSolution
		Debug|Any CPU = Debug|Any CPU
		Release|Any CPU = Release|Any CPU
	EndGlobalSection
	GlobalSection(ProjectConfigurationPlatforms) = postSolution
		{D2CA5107-A296-4BEB-B692-F4695C061C7B}.Debug|Any CPU.ActiveCfg = Debug|Any CPU
		{D2CA5107-A296-4BEB-B692-F4695C061C7B}.Debug|Any CPU.Build.0 = Debug|Any CPU
		{D2CA5107-A296-4BEB-B692-F4695C061C7B}.Release|Any CPU.ActiveCfg = Release|Any CPU
		{D2CA5107-A296-4BEB-B692-F4695C061C7B}.Release|Any CPU.Build.0 = Release|Any CPU
	EndGlobalSection
	GlobalSection(SolutionProperties) = preSolution
		HideSolutionNode = FALSE
	EndGlobalSection
	GlobalSection(ExtensibilityGlobals) = postSolution
		SolutionGuid = {EE7AC550-0835-4513-9E14-F7B2F93EE26B}
	EndGlobalSection
EndGlobal
